// !$*UTF8*$!
{
	archiveVersion = 1;
	classes = {
	};
	objectVersion = 50;
	objects = {

/* Begin PBXBuildFile section */
		B302821B21B5B60200641232 /* exit.scn in Resources */ = {isa = PBXBuildFile; fileRef = B302821A21B5B60200641232 /* exit.scn */; };
		B302821D21B5BB1F00641232 /* ViewController.swift in Sources */ = {isa = PBXBuildFile; fileRef = B302821C21B5BB1F00641232 /* ViewController.swift */; };
		B302821F21B5C18800641232 /* Images in Resources */ = {isa = PBXBuildFile; fileRef = B302821E21B5C18700641232 /* Images */; };
		B302822121B5C38B00641232 /* magic.wav in Resources */ = {isa = PBXBuildFile; fileRef = B302822021B5C38A00641232 /* magic.wav */; };
		B39E7D4621B5FE940097CD56 /* maze2.scn in Resources */ = {isa = PBXBuildFile; fileRef = B39E7D4521B5FE940097CD56 /* maze2.scn */; };
		B3A9941721ADD8AA00A36C21 /* AppDelegate.swift in Sources */ = {isa = PBXBuildFile; fileRef = B3A9941621ADD8AA00A36C21 /* AppDelegate.swift */; };
		B3A9941F21ADD8AA00A36C21 /* GameViewController.swift in Sources */ = {isa = PBXBuildFile; fileRef = B3A9941E21ADD8AA00A36C21 /* GameViewController.swift */; };
		B3A9942221ADD8AA00A36C21 /* Main.storyboard in Resources */ = {isa = PBXBuildFile; fileRef = B3A9942021ADD8AA00A36C21 /* Main.storyboard */; };
		B3A9942421ADD8AC00A36C21 /* Assets.xcassets in Resources */ = {isa = PBXBuildFile; fileRef = B3A9942321ADD8AC00A36C21 /* Assets.xcassets */; };
		B3A9942721ADD8AC00A36C21 /* LaunchScreen.storyboard in Resources */ = {isa = PBXBuildFile; fileRef = B3A9942521ADD8AC00A36C21 /* LaunchScreen.storyboard */; };
		B3A9943121ADDB8500A36C21 /* Character.scn in Resources */ = {isa = PBXBuildFile; fileRef = B3A9943021ADDB8500A36C21 /* Character.scn */; };
		B3A9943321ADDF6D00A36C21 /* Skin.png in Resources */ = {isa = PBXBuildFile; fileRef = B3A9943221ADDF6D00A36C21 /* Skin.png */; };
		B3A9943721ADE47100A36C21 /* PortalFloor.jpeg in Resources */ = {isa = PBXBuildFile; fileRef = B3A9943621ADE47100A36C21 /* PortalFloor.jpeg */; };
		B3A9943B21ADE56300A36C21 /* Perfection_Floor_Natural_Stone_Chevron_Black_Stone.jpg in Resources */ = {isa = PBXBuildFile; fileRef = B3A9943A21ADE56200A36C21 /* Perfection_Floor_Natural_Stone_Chevron_Black_Stone.jpg */; };
		B3E26E9F21B5942800F2B725 /* maze1.scn in Resources */ = {isa = PBXBuildFile; fileRef = B3E26E9E21B5942800F2B725 /* maze1.scn */; };
		B3E26EA121B595C800F2B725 /* mainScene.scn in Resources */ = {isa = PBXBuildFile; fileRef = B3E26EA021B595C800F2B725 /* mainScene.scn */; };
		B3E2966121B4BD7D003F67A8 /* menu.mp3 in Resources */ = {isa = PBXBuildFile; fileRef = B3E2966021B4BD7D003F67A8 /* menu.mp3 */; };
		B3E2966521B4BFA0003F67A8 /* footsteps.wav in Resources */ = {isa = PBXBuildFile; fileRef = B3E2966421B4BFA0003F67A8 /* footsteps.wav */; };
		B3E47D6821B5699700FB5892 /* GameView.swift in Sources */ = {isa = PBXBuildFile; fileRef = B3E47D6721B5699700FB5892 /* GameView.swift */; };
/* End PBXBuildFile section */

/* Begin PBXFileReference section */
		B302821A21B5B60200641232 /* exit.scn */ = {isa = PBXFileReference; lastKnownFileType = file.bplist; path = exit.scn; sourceTree = "<group>"; };
		B302821C21B5BB1F00641232 /* ViewController.swift */ = {isa = PBXFileReference; lastKnownFileType = sourcecode.swift; path = ViewController.swift; sourceTree = "<group>"; };
		B302821E21B5C18700641232 /* Images */ = {isa = PBXFileReference; lastKnownFileType = folder; path = Images; sourceTree = "<group>"; };
		B302822021B5C38A00641232 /* magic.wav */ = {isa = PBXFileReference; lastKnownFileType = audio.wav; path = magic.wav; sourceTree = "<group>"; };
		B39E7D4521B5FE940097CD56 /* maze2.scn */ = {isa = PBXFileReference; lastKnownFileType = file.bplist; path = maze2.scn; sourceTree = "<group>"; };
		B3A9941321ADD8AA00A36C21 /* MazApp.app */ = {isa = PBXFileReference; explicitFileType = wrapper.application; includeInIndex = 0; path = MazApp.app; sourceTree = BUILT_PRODUCTS_DIR; };
		B3A9941621ADD8AA00A36C21 /* AppDelegate.swift */ = {isa = PBXFileReference; lastKnownFileType = sourcecode.swift; path = AppDelegate.swift; sourceTree = "<group>"; };
		B3A9941E21ADD8AA00A36C21 /* GameViewController.swift */ = {isa = PBXFileReference; lastKnownFileType = sourcecode.swift; path = GameViewController.swift; sourceTree = "<group>"; };
		B3A9942121ADD8AA00A36C21 /* Base */ = {isa = PBXFileReference; lastKnownFileType = file.storyboard; name = Base; path = Base.lproj/Main.storyboard; sourceTree = "<group>"; };
		B3A9942321ADD8AC00A36C21 /* Assets.xcassets */ = {isa = PBXFileReference; lastKnownFileType = folder.assetcatalog; path = Assets.xcassets; sourceTree = "<group>"; };
		B3A9942621ADD8AC00A36C21 /* Base */ = {isa = PBXFileReference; lastKnownFileType = file.storyboard; name = Base; path = Base.lproj/LaunchScreen.storyboard; sourceTree = "<group>"; };
		B3A9942821ADD8AC00A36C21 /* Info.plist */ = {isa = PBXFileReference; lastKnownFileType = text.plist.xml; path = Info.plist; sourceTree = "<group>"; };
		B3A9943021ADDB8500A36C21 /* Character.scn */ = {isa = PBXFileReference; lastKnownFileType = file.bplist; path = Character.scn; sourceTree = "<group>"; };
		B3A9943221ADDF6D00A36C21 /* Skin.png */ = {isa = PBXFileReference; lastKnownFileType = image.png; path = Skin.png; sourceTree = "<group>"; };
		B3A9943621ADE47100A36C21 /* PortalFloor.jpeg */ = {isa = PBXFileReference; lastKnownFileType = image.jpeg; path = PortalFloor.jpeg; sourceTree = "<group>"; };
		B3A9943A21ADE56200A36C21 /* Perfection_Floor_Natural_Stone_Chevron_Black_Stone.jpg */ = {isa = PBXFileReference; lastKnownFileType = image.jpeg; path = Perfection_Floor_Natural_Stone_Chevron_Black_Stone.jpg; sourceTree = "<group>"; };
		B3E26E9E21B5942800F2B725 /* maze1.scn */ = {isa = PBXFileReference; lastKnownFileType = file.bplist; path = maze1.scn; sourceTree = "<group>"; };
		B3E26EA021B595C800F2B725 /* mainScene.scn */ = {isa = PBXFileReference; lastKnownFileType = file.bplist; path = mainScene.scn; sourceTree = "<group>"; };
		B3E2966021B4BD7D003F67A8 /* menu.mp3 */ = {isa = PBXFileReference; lastKnownFileType = audio.mp3; path = menu.mp3; sourceTree = "<group>"; };
		B3E2966421B4BFA0003F67A8 /* footsteps.wav */ = {isa = PBXFileReference; lastKnownFileType = audio.wav; path = footsteps.wav; sourceTree = "<group>"; };
		B3E47D6721B5699700FB5892 /* GameView.swift */ = {isa = PBXFileReference; lastKnownFileType = sourcecode.swift; path = GameView.swift; sourceTree = "<group>"; };
/* End PBXFileReference section */

/* Begin PBXFrameworksBuildPhase section */
		B3A9941021ADD8AA00A36C21 /* Frameworks */ = {
			isa = PBXFrameworksBuildPhase;
			buildActionMask = 2147483647;
			files = (
			);
			runOnlyForDeploymentPostprocessing = 0;
		};
/* End PBXFrameworksBuildPhase section */

/* Begin PBXGroup section */
		B3A9940A21ADD8AA00A36C21 = {
			isa = PBXGroup;
			children = (
				B3A9941521ADD8AA00A36C21 /* MazApp */,
				B3A9941421ADD8AA00A36C21 /* Products */,
			);
			sourceTree = "<group>";
		};
		B3A9941421ADD8AA00A36C21 /* Products */ = {
			isa = PBXGroup;
			children = (
				B3A9941321ADD8AA00A36C21 /* MazApp.app */,
			);
			name = Products;
			sourceTree = "<group>";
		};
		B3A9941521ADD8AA00A36C21 /* MazApp */ = {
			isa = PBXGroup;
			children = (
				B3A9941621ADD8AA00A36C21 /* AppDelegate.swift */,
				B3A9943021ADDB8500A36C21 /* Character.scn */,
				B3E26EA021B595C800F2B725 /* mainScene.scn */,
				B302821A21B5B60200641232 /* exit.scn */,
				B3E26E9E21B5942800F2B725 /* maze1.scn */,
				B39E7D4521B5FE940097CD56 /* maze2.scn */,
				B3E47D6721B5699700FB5892 /* GameView.swift */,
				B3A9941E21ADD8AA00A36C21 /* GameViewController.swift */,
				B3A9942021ADD8AA00A36C21 /* Main.storyboard */,
				B302821C21B5BB1F00641232 /* ViewController.swift */,
				B302822021B5C38A00641232 /* magic.wav */,
				B3E2966421B4BFA0003F67A8 /* footsteps.wav */,
				B3E2966021B4BD7D003F67A8 /* menu.mp3 */,
				B3A9943621ADE47100A36C21 /* PortalFloor.jpeg */,
				B3A9943221ADDF6D00A36C21 /* Skin.png */,
				B3A9943A21ADE56200A36C21 /* Perfection_Floor_Natural_Stone_Chevron_Black_Stone.jpg */,
				B302821E21B5C18700641232 /* Images */,
				B3A9942321ADD8AC00A36C21 /* Assets.xcassets */,
				B3A9942521ADD8AC00A36C21 /* LaunchScreen.storyboard */,
				B3A9942821ADD8AC00A36C21 /* Info.plist */,
			);
			path = MazApp;
			sourceTree = "<group>";
		};
/* End PBXGroup section */

/* Begin PBXNativeTarget section */
		B3A9941221ADD8AA00A36C21 /* MazApp */ = {
			isa = PBXNativeTarget;
			buildConfigurationList = B3A9942B21ADD8AC00A36C21 /* Build configuration list for PBXNativeTarget "MazApp" */;
			buildPhases = (
				B3A9940F21ADD8AA00A36C21 /* Sources */,
				B3A9941021ADD8AA00A36C21 /* Frameworks */,
				B3A9941121ADD8AA00A36C21 /* Resources */,
			);
			buildRules = (
			);
			dependencies = (
			);
			name = MazApp;
			productName = MazApp;
			productReference = B3A9941321ADD8AA00A36C21 /* MazApp.app */;
			productType = "com.apple.product-type.application";
		};
/* End PBXNativeTarget section */

/* Begin PBXProject section */
		B3A9940B21ADD8AA00A36C21 /* Project object */ = {
			isa = PBXProject;
			attributes = {
				LastSwiftUpdateCheck = 1010;
				LastUpgradeCheck = 1010;
				ORGANIZATIONNAME = Leonardo;
				TargetAttributes = {
					B3A9941221ADD8AA00A36C21 = {
						CreatedOnToolsVersion = 10.1;
						LastSwiftMigration = 1010;
					};
				};
			};
			buildConfigurationList = B3A9940E21ADD8AA00A36C21 /* Build configuration list for PBXProject "MazApp" */;
			compatibilityVersion = "Xcode 9.3";
			developmentRegion = en;
			hasScannedForEncodings = 0;
			knownRegions = (
				en,
				Base,
			);
			mainGroup = B3A9940A21ADD8AA00A36C21;
			productRefGroup = B3A9941421ADD8AA00A36C21 /* Products */;
			projectDirPath = "";
			projectRoot = "";
			targets = (
				B3A9941221ADD8AA00A36C21 /* MazApp */,
			);
		};
/* End PBXProject section */

/* Begin PBXResourcesBuildPhase section */
		B3A9941121ADD8AA00A36C21 /* Resources */ = {
			isa = PBXResourcesBuildPhase;
			buildActionMask = 2147483647;
			files = (
				B39E7D4621B5FE940097CD56 /* maze2.scn in Resources */,
				B302821B21B5B60200641232 /* exit.scn in Resources */,
				B3A9943721ADE47100A36C21 /* PortalFloor.jpeg in Resources */,
				B3A9943B21ADE56300A36C21 /* Perfection_Floor_Natural_Stone_Chevron_Black_Stone.jpg in Resources */,
				B3E26EA121B595C800F2B725 /* mainScene.scn in Resources */,
				B3A9943121ADDB8500A36C21 /* Character.scn in Resources */,
				B3E2966121B4BD7D003F67A8 /* menu.mp3 in Resources */,
				B3E2966521B4BFA0003F67A8 /* footsteps.wav in Resources */,
				B3A9943321ADDF6D00A36C21 /* Skin.png in Resources */,
				B302822121B5C38B00641232 /* magic.wav in Resources */,
				B3A9942221ADD8AA00A36C21 /* Main.storyboard in Resources */,
				B302821F21B5C18800641232 /* Images in Resources */,
				B3A9942421ADD8AC00A36C21 /* Assets.xcassets in Resources */,
				B3E26E9F21B5942800F2B725 /* maze1.scn in Resources */,
				B3A9942721ADD8AC00A36C21 /* LaunchScreen.storyboard in Resources */,
			);
			runOnlyForDeploymentPostprocessing = 0;
		};
/* End PBXResourcesBuildPhase section */

/* Begin PBXSourcesBuildPhase section */
		B3A9940F21ADD8AA00A36C21 /* Sources */ = {
			isa = PBXSourcesBuildPhase;
			buildActionMask = 2147483647;
			files = (
				B302821D21B5BB1F00641232 /* ViewController.swift in Sources */,
				B3A9941F21ADD8AA00A36C21 /* GameViewController.swift in Sources */,
				B3E47D6821B5699700FB5892 /* GameView.swift in Sources */,
				B3A9941721ADD8AA00A36C21 /* AppDelegate.swift in Sources */,
			);
			runOnlyForDeploymentPostprocessing = 0;
		};
/* End PBXSourcesBuildPhase section */

/* Begin PBXVariantGroup section */
		B3A9942021ADD8AA00A36C21 /* Main.storyboard */ = {
			isa = PBXVariantGroup;
			children = (
				B3A9942121ADD8AA00A36C21 /* Base */,
			);
			name = Main.storyboard;
			sourceTree = "<group>";
		};
		B3A9942521ADD8AC00A36C21 /* LaunchScreen.storyboard */ = {
			isa = PBXVariantGroup;
			children = (
				B3A9942621ADD8AC00A36C21 /* Base */,
			);
			name = LaunchScreen.storyboard;
			sourceTree = "<group>";
		};
/* End PBXVariantGroup section */

/* Begin XCBuildConfiguration section */
		B3A9942921ADD8AC00A36C21 /* Debug */ = {
			isa = XCBuildConfiguration;
			buildSettings = {
				ALWAYS_SEARCH_USER_PATHS = NO;
				CLANG_ANALYZER_NONNULL = YES;
				CLANG_ANALYZER_NUMBER_OBJECT_CONVERSION = YES_AGGRESSIVE;
				CLANG_CXX_LANGUAGE_STANDARD = "gnu++14";
				CLANG_CXX_LIBRARY = "libc++";
				CLANG_ENABLE_MODULES = YES;
				CLANG_ENABLE_OBJC_ARC = YES;
				CLANG_ENABLE_OBJC_WEAK = YES;
				CLANG_WARN_BLOCK_CAPTURE_AUTORELEASING = YES;
				CLANG_WARN_BOOL_CONVERSION = YES;
				CLANG_WARN_COMMA = YES;
				CLANG_WARN_CONSTANT_CONVERSION = YES;
				CLANG_WARN_DEPRECATED_OBJC_IMPLEMENTATIONS = YES;
				CLANG_WARN_DIRECT_OBJC_ISA_USAGE = YES_ERROR;
				CLANG_WARN_DOCUMENTATION_COMMENTS = YES;
				CLANG_WARN_EMPTY_BODY = YES;
				CLANG_WARN_ENUM_CONVERSION = YES;
				CLANG_WARN_INFINITE_RECURSION = YES;
				CLANG_WARN_INT_CONVERSION = YES;
				CLANG_WARN_NON_LITERAL_NULL_CONVERSION = YES;
				CLANG_WARN_OBJC_IMPLICIT_RETAIN_SELF = YES;
				CLANG_WARN_OBJC_LITERAL_CONVERSION = YES;
				CLANG_WARN_OBJC_ROOT_CLASS = YES_ERROR;
				CLANG_WARN_RANGE_LOOP_ANALYSIS = YES;
				CLANG_WARN_STRICT_PROTOTYPES = YES;
				CLANG_WARN_SUSPICIOUS_MOVE = YES;
				CLANG_WARN_UNGUARDED_AVAILABILITY = YES_AGGRESSIVE;
				CLANG_WARN_UNREACHABLE_CODE = YES;
				CLANG_WARN__DUPLICATE_METHOD_MATCH = YES;
				CODE_SIGN_IDENTITY = "iPhone Developer";
				COPY_PHASE_STRIP = NO;
				DEBUG_INFORMATION_FORMAT = dwarf;
				ENABLE_STRICT_OBJC_MSGSEND = YES;
				ENABLE_TESTABILITY = YES;
				GCC_C_LANGUAGE_STANDARD = gnu11;
				GCC_DYNAMIC_NO_PIC = NO;
				GCC_NO_COMMON_BLOCKS = YES;
				GCC_OPTIMIZATION_LEVEL = 0;
				GCC_PREPROCESSOR_DEFINITIONS = (
					"DEBUG=1",
					"$(inherited)",
				);
				GCC_WARN_64_TO_32_BIT_CONVERSION = YES;
				GCC_WARN_ABOUT_RETURN_TYPE = YES_ERROR;
				GCC_WARN_UNDECLARED_SELECTOR = YES;
				GCC_WARN_UNINITIALIZED_AUTOS = YES_AGGRESSIVE;
				GCC_WARN_UNUSED_FUNCTION = YES;
				GCC_WARN_UNUSED_VARIABLE = YES;
				IPHONEOS_DEPLOYMENT_TARGET = 12.1;
				MTL_ENABLE_DEBUG_INFO = INCLUDE_SOURCE;
				MTL_FAST_MATH = YES;
				ONLY_ACTIVE_ARCH = YES;
				SDKROOT = iphoneos;
				SWIFT_ACTIVE_COMPILATION_CONDITIONS = DEBUG;
				SWIFT_OPTIMIZATION_LEVEL = "-Onone";
			};
			name = Debug;
		};
		B3A9942A21ADD8AC00A36C21 /* Release */ = {
			isa = XCBuildConfiguration;
			buildSettings = {
				ALWAYS_SEARCH_USER_PATHS = NO;
				CLANG_ANALYZER_NONNULL = YES;
				CLANG_ANALYZER_NUMBER_OBJECT_CONVERSION = YES_AGGRESSIVE;
				CLANG_CXX_LANGUAGE_STANDARD = "gnu++14";
				CLANG_CXX_LIBRARY = "libc++";
				CLANG_ENABLE_MODULES = YES;
				CLANG_ENABLE_OBJC_ARC = YES;
				CLANG_ENABLE_OBJC_WEAK = YES;
				CLANG_WARN_BLOCK_CAPTURE_AUTORELEASING = YES;
				CLANG_WARN_BOOL_CONVERSION = YES;
				CLANG_WARN_COMMA = YES;
				CLANG_WARN_CONSTANT_CONVERSION = YES;
				CLANG_WARN_DEPRECATED_OBJC_IMPLEMENTATIONS = YES;
				CLANG_WARN_DIRECT_OBJC_ISA_USAGE = YES_ERROR;
				CLANG_WARN_DOCUMENTATION_COMMENTS = YES;
				CLANG_WARN_EMPTY_BODY = YES;
				CLANG_WARN_ENUM_CONVERSION = YES;
				CLANG_WARN_INFINITE_RECURSION = YES;
				CLANG_WARN_INT_CONVERSION = YES;
				CLANG_WARN_NON_LITERAL_NULL_CONVERSION = YES;
				CLANG_WARN_OBJC_IMPLICIT_RETAIN_SELF = YES;
				CLANG_WARN_OBJC_LITERAL_CONVERSION = YES;
				CLANG_WARN_OBJC_ROOT_CLASS = YES_ERROR;
				CLANG_WARN_RANGE_LOOP_ANALYSIS = YES;
				CLANG_WARN_STRICT_PROTOTYPES = YES;
				CLANG_WARN_SUSPICIOUS_MOVE = YES;
				CLANG_WARN_UNGUARDED_AVAILABILITY = YES_AGGRESSIVE;
				CLANG_WARN_UNREACHABLE_CODE = YES;
				CLANG_WARN__DUPLICATE_METHOD_MATCH = YES;
				CODE_SIGN_IDENTITY = "iPhone Developer";
				COPY_PHASE_STRIP = NO;
				DEBUG_INFORMATION_FORMAT = "dwarf-with-dsym";
				ENABLE_NS_ASSERTIONS = NO;
				ENABLE_STRICT_OBJC_MSGSEND = YES;
				GCC_C_LANGUAGE_STANDARD = gnu11;
				GCC_NO_COMMON_BLOCKS = YES;
				GCC_WARN_64_TO_32_BIT_CONVERSION = YES;
				GCC_WARN_ABOUT_RETURN_TYPE = YES_ERROR;
				GCC_WARN_UNDECLARED_SELECTOR = YES;
				GCC_WARN_UNINITIALIZED_AUTOS = YES_AGGRESSIVE;
				GCC_WARN_UNUSED_FUNCTION = YES;
				GCC_WARN_UNUSED_VARIABLE = YES;
				IPHONEOS_DEPLOYMENT_TARGET = 12.1;
				MTL_ENABLE_DEBUG_INFO = NO;
				MTL_FAST_MATH = YES;
				SDKROOT = iphoneos;
				SWIFT_COMPILATION_MODE = wholemodule;
				SWIFT_OPTIMIZATION_LEVEL = "-O";
				VALIDATE_PRODUCT = YES;
			};
			name = Release;
		};
		B3A9942C21ADD8AC00A36C21 /* Debug */ = {
			isa = XCBuildConfiguration;
			buildSettings = {
				ASSETCATALOG_COMPILER_APPICON_NAME = AppIcon;
				CODE_SIGN_STYLE = Automatic;
				DEVELOPMENT_TEAM = JFCRKR4CL3;
				INFOPLIST_FILE = MazApp/Info.plist;
				IPHONEOS_DEPLOYMENT_TARGET = 9.3;
				LD_RUNPATH_SEARCH_PATHS = (
					"$(inherited)",
					"@executable_path/Frameworks",
				);
				PRODUCT_BUNDLE_IDENTIFIER = com.ejemplo.MazApp;
				PRODUCT_NAME = "$(TARGET_NAME)";
				SWIFT_VERSION = 4.2;
				TARGETED_DEVICE_FAMILY = 1;
			};
			name = Debug;
		};
		B3A9942D21ADD8AC00A36C21 /* Release */ = {
			isa = XCBuildConfiguration;
			buildSettings = {
				ASSETCATALOG_COMPILER_APPICON_NAME = AppIcon;
				CODE_SIGN_STYLE = Automatic;
				DEVELOPMENT_TEAM = JFCRKR4CL3;
				INFOPLIST_FILE = MazApp/Info.plist;
				IPHONEOS_DEPLOYMENT_TARGET = 9.3;
				LD_RUNPATH_SEARCH_PATHS = (
					"$(inherited)",
					"@executable_path/Frameworks",
				);
				PRODUCT_BUNDLE_IDENTIFIER = com.ejemplo.MazApp;
				PRODUCT_NAME = "$(TARGET_NAME)";
				SWIFT_VERSION = 4.2;
				TARGETED_DEVICE_FAMILY = 1;
			};
			name = Release;
		};
/* End XCBuildConfiguration section */

/* Begin XCConfigurationList section */
		B3A9940E21ADD8AA00A36C21 /* Build configuration list for PBXProject "MazApp" */ = {
			isa = XCConfigurationList;
			buildConfigurations = (
				B3A9942921ADD8AC00A36C21 /* Debug */,
				B3A9942A21ADD8AC00A36C21 /* Release */,
			);
			defaultConfigurationIsVisible = 0;
			defaultConfigurationName = Release;
		};
		B3A9942B21ADD8AC00A36C21 /* Build configuration list for PBXNativeTarget "MazApp" */ = {
			isa = XCConfigurationList;
			buildConfigurations = (
				B3A9942C21ADD8AC00A36C21 /* Debug */,
				B3A9942D21ADD8AC00A36C21 /* Release */,
			);
			defaultConfigurationIsVisible = 0;
			defaultConfigurationName = Release;
		};
/* End XCConfigurationList section */
	};
	rootObject = B3A9940B21ADD8AA00A36C21 /* Project object */;
}
